// !$*UTF8*$!
{
	archiveVersion = 1;
	classes = {
	};
	objectVersion = 50;
	objects = {

/* Begin PBXBuildFile section */
		10A64B192192026E003228E5 /* AppDelegate.swift in Sources */ = {isa = PBXBuildFile; fileRef = 10A64B182192026E003228E5 /* AppDelegate.swift */; };
		10A64B1B2192026E003228E5 /* MainViewController.swift in Sources */ = {isa = PBXBuildFile; fileRef = 10A64B1A2192026E003228E5 /* MainViewController.swift */; };
		10A64B1E2192026E003228E5 /* Main.storyboard in Resources */ = {isa = PBXBuildFile; fileRef = 10A64B1C2192026E003228E5 /* Main.storyboard */; };
		10A64B212192026E003228E5 /* RED_NOTE.xcdatamodeld in Sources */ = {isa = PBXBuildFile; fileRef = 10A64B1F2192026E003228E5 /* RED_NOTE.xcdatamodeld */; };
		10A64B2321920270003228E5 /* Assets.xcassets in Resources */ = {isa = PBXBuildFile; fileRef = 10A64B2221920270003228E5 /* Assets.xcassets */; };
		10A64B2621920270003228E5 /* LaunchScreen.storyboard in Resources */ = {isa = PBXBuildFile; fileRef = 10A64B2421920270003228E5 /* LaunchScreen.storyboard */; };
		10A64B3121920270003228E5 /* RED_NOTETests.swift in Sources */ = {isa = PBXBuildFile; fileRef = 10A64B3021920270003228E5 /* RED_NOTETests.swift */; };
		10A64B3C21920270003228E5 /* RED_NOTEUITests.swift in Sources */ = {isa = PBXBuildFile; fileRef = 10A64B3B21920270003228E5 /* RED_NOTEUITests.swift */; };
		10A64B4A21920508003228E5 /* NewNoteViewController.swift in Sources */ = {isa = PBXBuildFile; fileRef = 10A64B4921920508003228E5 /* NewNoteViewController.swift */; };
		10A64B4C219208F5003228E5 /* OpenNoteViewController.swift in Sources */ = {isa = PBXBuildFile; fileRef = 10A64B4B219208F5003228E5 /* OpenNoteViewController.swift */; };
		10A64B4E21921BC8003228E5 /* ImageViewController.swift in Sources */ = {isa = PBXBuildFile; fileRef = 10A64B4D21921BC8003228E5 /* ImageViewController.swift */; };
		F575F60221AACC8300131656 /* RealmDataSource.swift in Sources */ = {isa = PBXBuildFile; fileRef = F575F60121AACC8300131656 /* RealmDataSource.swift */; };
		F5D6F064219DFFE200F0F6CC /* NoteRealm.swift in Sources */ = {isa = PBXBuildFile; fileRef = F5D6F063219DFFE200F0F6CC /* NoteRealm.swift */; };
		F5D6F066219E06D900F0F6CC /* RealmDataManager.swift in Sources */ = {isa = PBXBuildFile; fileRef = F5D6F065219E06D900F0F6CC /* RealmDataManager.swift */; };
		F5DE1CDE21B41E13003C8940 /* NoteCell.xib in Resources */ = {isa = PBXBuildFile; fileRef = F5DE1CDD21B41E13003C8940 /* NoteCell.xib */; };
		F5DE1CE221B41E93003C8940 /* UICell.swift in Sources */ = {isa = PBXBuildFile; fileRef = F5DE1CE121B41E93003C8940 /* UICell.swift */; };
		F5DE1CE421B48150003C8940 /* Galery.xcassets in Resources */ = {isa = PBXBuildFile; fileRef = F5DE1CE321B48150003C8940 /* Galery.xcassets */; };
		FB1978A6AE2ED475474079B1 /* Pods_RED_NOTE.framework in Frameworks */ = {isa = PBXBuildFile; fileRef = 9965159434A24A9B6680D57D /* Pods_RED_NOTE.framework */; };
/* End PBXBuildFile section */

/* Begin PBXContainerItemProxy section */
		10A64B2D21920270003228E5 /* PBXContainerItemProxy */ = {
			isa = PBXContainerItemProxy;
			containerPortal = 10A64B0D2192026E003228E5 /* Project object */;
			proxyType = 1;
			remoteGlobalIDString = 10A64B142192026E003228E5;
			remoteInfo = "RED NOTE";
		};
		10A64B3821920270003228E5 /* PBXContainerItemProxy */ = {
			isa = PBXContainerItemProxy;
			containerPortal = 10A64B0D2192026E003228E5 /* Project object */;
			proxyType = 1;
			remoteGlobalIDString = 10A64B142192026E003228E5;
			remoteInfo = "RED NOTE";
		};
/* End PBXContainerItemProxy section */

/* Begin PBXFileReference section */
		10A64B152192026E003228E5 /* RED NOTE.app */ = {isa = PBXFileReference; explicitFileType = wrapper.application; includeInIndex = 0; path = "RED NOTE.app"; sourceTree = BUILT_PRODUCTS_DIR; };
		10A64B182192026E003228E5 /* AppDelegate.swift */ = {isa = PBXFileReference; lastKnownFileType = sourcecode.swift; path = AppDelegate.swift; sourceTree = "<group>"; };
		10A64B1A2192026E003228E5 /* MainViewController.swift */ = {isa = PBXFileReference; lastKnownFileType = sourcecode.swift; path = MainViewController.swift; sourceTree = "<group>"; };
		10A64B1D2192026E003228E5 /* Base */ = {isa = PBXFileReference; lastKnownFileType = file.storyboard; name = Base; path = Base.lproj/Main.storyboard; sourceTree = "<group>"; };
		10A64B202192026E003228E5 /* RED_NOTE.xcdatamodel */ = {isa = PBXFileReference; lastKnownFileType = wrapper.xcdatamodel; path = RED_NOTE.xcdatamodel; sourceTree = "<group>"; };
		10A64B2221920270003228E5 /* Assets.xcassets */ = {isa = PBXFileReference; lastKnownFileType = folder.assetcatalog; path = Assets.xcassets; sourceTree = "<group>"; };
		10A64B2521920270003228E5 /* Base */ = {isa = PBXFileReference; lastKnownFileType = file.storyboard; name = Base; path = Base.lproj/LaunchScreen.storyboard; sourceTree = "<group>"; };
		10A64B2721920270003228E5 /* Info.plist */ = {isa = PBXFileReference; lastKnownFileType = text.plist.xml; path = Info.plist; sourceTree = "<group>"; };
		10A64B2C21920270003228E5 /* RED NOTETests.xctest */ = {isa = PBXFileReference; explicitFileType = wrapper.cfbundle; includeInIndex = 0; path = "RED NOTETests.xctest"; sourceTree = BUILT_PRODUCTS_DIR; };
		10A64B3021920270003228E5 /* RED_NOTETests.swift */ = {isa = PBXFileReference; lastKnownFileType = sourcecode.swift; path = RED_NOTETests.swift; sourceTree = "<group>"; };
		10A64B3221920270003228E5 /* Info.plist */ = {isa = PBXFileReference; lastKnownFileType = text.plist.xml; path = Info.plist; sourceTree = "<group>"; };
		10A64B3721920270003228E5 /* RED NOTEUITests.xctest */ = {isa = PBXFileReference; explicitFileType = wrapper.cfbundle; includeInIndex = 0; path = "RED NOTEUITests.xctest"; sourceTree = BUILT_PRODUCTS_DIR; };
		10A64B3B21920270003228E5 /* RED_NOTEUITests.swift */ = {isa = PBXFileReference; lastKnownFileType = sourcecode.swift; path = RED_NOTEUITests.swift; sourceTree = "<group>"; };
		10A64B3D21920270003228E5 /* Info.plist */ = {isa = PBXFileReference; lastKnownFileType = text.plist.xml; path = Info.plist; sourceTree = "<group>"; };
		10A64B4921920508003228E5 /* NewNoteViewController.swift */ = {isa = PBXFileReference; lastKnownFileType = sourcecode.swift; path = NewNoteViewController.swift; sourceTree = "<group>"; };
		10A64B4B219208F5003228E5 /* OpenNoteViewController.swift */ = {isa = PBXFileReference; lastKnownFileType = sourcecode.swift; path = OpenNoteViewController.swift; sourceTree = "<group>"; };
		10A64B4D21921BC8003228E5 /* ImageViewController.swift */ = {isa = PBXFileReference; lastKnownFileType = sourcecode.swift; path = ImageViewController.swift; sourceTree = "<group>"; };
		2E13BE5E51A166503AB36CE3 /* Pods-RED NOTE.release.xcconfig */ = {isa = PBXFileReference; includeInIndex = 1; lastKnownFileType = text.xcconfig; name = "Pods-RED NOTE.release.xcconfig"; path = "Pods/Target Support Files/Pods-RED NOTE/Pods-RED NOTE.release.xcconfig"; sourceTree = "<group>"; };
		8AA5DAEB57288B0B30DB8A1D /* Pods-RED NOTE.debug.xcconfig */ = {isa = PBXFileReference; includeInIndex = 1; lastKnownFileType = text.xcconfig; name = "Pods-RED NOTE.debug.xcconfig"; path = "Pods/Target Support Files/Pods-RED NOTE/Pods-RED NOTE.debug.xcconfig"; sourceTree = "<group>"; };
		9965159434A24A9B6680D57D /* Pods_RED_NOTE.framework */ = {isa = PBXFileReference; explicitFileType = wrapper.framework; includeInIndex = 0; path = Pods_RED_NOTE.framework; sourceTree = BUILT_PRODUCTS_DIR; };
		F575F60121AACC8300131656 /* RealmDataSource.swift */ = {isa = PBXFileReference; lastKnownFileType = sourcecode.swift; path = RealmDataSource.swift; sourceTree = "<group>"; };
		F5D6F063219DFFE200F0F6CC /* NoteRealm.swift */ = {isa = PBXFileReference; lastKnownFileType = sourcecode.swift; path = NoteRealm.swift; sourceTree = "<group>"; };
		F5D6F065219E06D900F0F6CC /* RealmDataManager.swift */ = {isa = PBXFileReference; lastKnownFileType = sourcecode.swift; path = RealmDataManager.swift; sourceTree = "<group>"; };
		F5DE1CDD21B41E13003C8940 /* NoteCell.xib */ = {isa = PBXFileReference; lastKnownFileType = file.xib; path = NoteCell.xib; sourceTree = "<group>"; };
		F5DE1CE121B41E93003C8940 /* UICell.swift */ = {isa = PBXFileReference; lastKnownFileType = sourcecode.swift; path = UICell.swift; sourceTree = "<group>"; };
		F5DE1CE321B48150003C8940 /* Galery.xcassets */ = {isa = PBXFileReference; lastKnownFileType = folder.assetcatalog; path = Galery.xcassets; sourceTree = "<group>"; };
/* End PBXFileReference section */

/* Begin PBXFrameworksBuildPhase section */
		10A64B122192026E003228E5 /* Frameworks */ = {
			isa = PBXFrameworksBuildPhase;
			buildActionMask = 2147483647;
			files = (
				FB1978A6AE2ED475474079B1 /* Pods_RED_NOTE.framework in Frameworks */,
			);
			runOnlyForDeploymentPostprocessing = 0;
		};
		10A64B2921920270003228E5 /* Frameworks */ = {
			isa = PBXFrameworksBuildPhase;
			buildActionMask = 2147483647;
			files = (
			);
			runOnlyForDeploymentPostprocessing = 0;
		};
		10A64B3421920270003228E5 /* Frameworks */ = {
			isa = PBXFrameworksBuildPhase;
			buildActionMask = 2147483647;
			files = (
			);
			runOnlyForDeploymentPostprocessing = 0;
		};
/* End PBXFrameworksBuildPhase section */

/* Begin PBXGroup section */
		10A64B0C2192026E003228E5 = {
			isa = PBXGroup;
			children = (
				10A64B172192026E003228E5 /* RED NOTE */,
				10A64B2F21920270003228E5 /* RED NOTETests */,
				10A64B3A21920270003228E5 /* RED NOTEUITests */,
				10A64B162192026E003228E5 /* Products */,
				F1D2FA604A69AB17DF9F16CB /* Pods */,
				17CA4D4287906E2222FE86B4 /* Frameworks */,
			);
			sourceTree = "<group>";
		};
		10A64B162192026E003228E5 /* Products */ = {
			isa = PBXGroup;
			children = (
				10A64B152192026E003228E5 /* RED NOTE.app */,
				10A64B2C21920270003228E5 /* RED NOTETests.xctest */,
				10A64B3721920270003228E5 /* RED NOTEUITests.xctest */,
			);
			name = Products;
			sourceTree = "<group>";
		};
		10A64B172192026E003228E5 /* RED NOTE */ = {
			isa = PBXGroup;
			children = (
				10A64B182192026E003228E5 /* AppDelegate.swift */,
				10A64B1A2192026E003228E5 /* MainViewController.swift */,
				10A64B1C2192026E003228E5 /* Main.storyboard */,
				10A64B4B219208F5003228E5 /* OpenNoteViewController.swift */,
				10A64B4921920508003228E5 /* NewNoteViewController.swift */,
				10A64B2221920270003228E5 /* Assets.xcassets */,
				10A64B2421920270003228E5 /* LaunchScreen.storyboard */,
				10A64B2721920270003228E5 /* Info.plist */,
				10A64B1F2192026E003228E5 /* RED_NOTE.xcdatamodeld */,
				10A64B4D21921BC8003228E5 /* ImageViewController.swift */,
				F5D6F063219DFFE200F0F6CC /* NoteRealm.swift */,
				F5D6F065219E06D900F0F6CC /* RealmDataManager.swift */,
				F575F60121AACC8300131656 /* RealmDataSource.swift */,
				F5DE1CDD21B41E13003C8940 /* NoteCell.xib */,
				F5DE1CE121B41E93003C8940 /* UICell.swift */,
				F5DE1CE321B48150003C8940 /* Galery.xcassets */,
			);
			path = "RED NOTE";
			sourceTree = "<group>";
		};
		10A64B2F21920270003228E5 /* RED NOTETests */ = {
			isa = PBXGroup;
			children = (
				10A64B3021920270003228E5 /* RED_NOTETests.swift */,
				10A64B3221920270003228E5 /* Info.plist */,
			);
			path = "RED NOTETests";
			sourceTree = "<group>";
		};
		10A64B3A21920270003228E5 /* RED NOTEUITests */ = {
			isa = PBXGroup;
			children = (
				10A64B3B21920270003228E5 /* RED_NOTEUITests.swift */,
				10A64B3D21920270003228E5 /* Info.plist */,
			);
			path = "RED NOTEUITests";
			sourceTree = "<group>";
		};
		17CA4D4287906E2222FE86B4 /* Frameworks */ = {
			isa = PBXGroup;
			children = (
				9965159434A24A9B6680D57D /* Pods_RED_NOTE.framework */,
			);
			name = Frameworks;
			sourceTree = "<group>";
		};
		F1D2FA604A69AB17DF9F16CB /* Pods */ = {
			isa = PBXGroup;
			children = (
				8AA5DAEB57288B0B30DB8A1D /* Pods-RED NOTE.debug.xcconfig */,
				2E13BE5E51A166503AB36CE3 /* Pods-RED NOTE.release.xcconfig */,
			);
			name = Pods;
			sourceTree = "<group>";
		};
/* End PBXGroup section */

/* Begin PBXNativeTarget section */
		10A64B142192026E003228E5 /* RED NOTE */ = {
			isa = PBXNativeTarget;
			buildConfigurationList = 10A64B4021920270003228E5 /* Build configuration list for PBXNativeTarget "RED NOTE" */;
			buildPhases = (
				53D4B236F4D5E33225E7E099 /* [CP] Check Pods Manifest.lock */,
				10A64B112192026E003228E5 /* Sources */,
				10A64B122192026E003228E5 /* Frameworks */,
				10A64B132192026E003228E5 /* Resources */,
				E68E39C6D961C6A214F1157F /* [CP] Embed Pods Frameworks */,
			);
			buildRules = (
			);
			dependencies = (
			);
			name = "RED NOTE";
			productName = "RED NOTE";
			productReference = 10A64B152192026E003228E5 /* RED NOTE.app */;
			productType = "com.apple.product-type.application";
		};
		10A64B2B21920270003228E5 /* RED NOTETests */ = {
			isa = PBXNativeTarget;
			buildConfigurationList = 10A64B4321920270003228E5 /* Build configuration list for PBXNativeTarget "RED NOTETests" */;
			buildPhases = (
				10A64B2821920270003228E5 /* Sources */,
				10A64B2921920270003228E5 /* Frameworks */,
				10A64B2A21920270003228E5 /* Resources */,
			);
			buildRules = (
			);
			dependencies = (
				10A64B2E21920270003228E5 /* PBXTargetDependency */,
			);
			name = "RED NOTETests";
			productName = "RED NOTETests";
			productReference = 10A64B2C21920270003228E5 /* RED NOTETests.xctest */;
			productType = "com.apple.product-type.bundle.unit-test";
		};
		10A64B3621920270003228E5 /* RED NOTEUITests */ = {
			isa = PBXNativeTarget;
			buildConfigurationList = 10A64B4621920270003228E5 /* Build configuration list for PBXNativeTarget "RED NOTEUITests" */;
			buildPhases = (
				10A64B3321920270003228E5 /* Sources */,
				10A64B3421920270003228E5 /* Frameworks */,
				10A64B3521920270003228E5 /* Resources */,
			);
			buildRules = (
			);
			dependencies = (
				10A64B3921920270003228E5 /* PBXTargetDependency */,
			);
			name = "RED NOTEUITests";
			productName = "RED NOTEUITests";
			productReference = 10A64B3721920270003228E5 /* RED NOTEUITests.xctest */;
			productType = "com.apple.product-type.bundle.ui-testing";
		};
/* End PBXNativeTarget section */

/* Begin PBXProject section */
		10A64B0D2192026E003228E5 /* Project object */ = {
			isa = PBXProject;
			attributes = {
				LastSwiftUpdateCheck = 1010;
				LastUpgradeCheck = 1010;
				ORGANIZATIONNAME = "Julika Orekhova Corp";
				TargetAttributes = {
					10A64B142192026E003228E5 = {
						CreatedOnToolsVersion = 10.1;
					};
					10A64B2B21920270003228E5 = {
						CreatedOnToolsVersion = 10.1;
						TestTargetID = 10A64B142192026E003228E5;
					};
					10A64B3621920270003228E5 = {
						CreatedOnToolsVersion = 10.1;
						TestTargetID = 10A64B142192026E003228E5;
					};
				};
			};
			buildConfigurationList = 10A64B102192026E003228E5 /* Build configuration list for PBXProject "RED NOTE" */;
			compatibilityVersion = "Xcode 9.3";
			developmentRegion = en;
			hasScannedForEncodings = 0;
			knownRegions = (
				en,
				Base,
			);
			mainGroup = 10A64B0C2192026E003228E5;
			productRefGroup = 10A64B162192026E003228E5 /* Products */;
			projectDirPath = "";
			projectRoot = "";
			targets = (
				10A64B142192026E003228E5 /* RED NOTE */,
				10A64B2B21920270003228E5 /* RED NOTETests */,
				10A64B3621920270003228E5 /* RED NOTEUITests */,
			);
		};
/* End PBXProject section */

/* Begin PBXResourcesBuildPhase section */
		10A64B132192026E003228E5 /* Resources */ = {
			isa = PBXResourcesBuildPhase;
			buildActionMask = 2147483647;
			files = (
				10A64B2621920270003228E5 /* LaunchScreen.storyboard in Resources */,
				10A64B2321920270003228E5 /* Assets.xcassets in Resources */,
				10A64B1E2192026E003228E5 /* Main.storyboard in Resources */,
				F5DE1CE421B48150003C8940 /* Galery.xcassets in Resources */,
				F5DE1CDE21B41E13003C8940 /* NoteCell.xib in Resources */,
			);
			runOnlyForDeploymentPostprocessing = 0;
		};
		10A64B2A21920270003228E5 /* Resources */ = {
			isa = PBXResourcesBuildPhase;
			buildActionMask = 2147483647;
			files = (
			);
			runOnlyForDeploymentPostprocessing = 0;
		};
		10A64B3521920270003228E5 /* Resources */ = {
			isa = PBXResourcesBuildPhase;
			buildActionMask = 2147483647;
			files = (
			);
			runOnlyForDeploymentPostprocessing = 0;
		};
/* End PBXResourcesBuildPhase section */

/* Begin PBXShellScriptBuildPhase section */
		53D4B236F4D5E33225E7E099 /* [CP] Check Pods Manifest.lock */ = {
			isa = PBXShellScriptBuildPhase;
			buildActionMask = 2147483647;
			files = (
			);
			inputPaths = (
				"${PODS_PODFILE_DIR_PATH}/Podfile.lock",
				"${PODS_ROOT}/Manifest.lock",
			);
			name = "[CP] Check Pods Manifest.lock";
			outputPaths = (
				"$(DERIVED_FILE_DIR)/Pods-RED NOTE-checkManifestLockResult.txt",
			);
			runOnlyForDeploymentPostprocessing = 0;
			shellPath = /bin/sh;
			shellScript = "diff \"${PODS_PODFILE_DIR_PATH}/Podfile.lock\" \"${PODS_ROOT}/Manifest.lock\" > /dev/null\nif [ $? != 0 ] ; then\n    # print error to STDERR\n    echo \"error: The sandbox is not in sync with the Podfile.lock. Run 'pod install' or update your CocoaPods installation.\" >&2\n    exit 1\nfi\n# This output is used by Xcode 'outputs' to avoid re-running this script phase.\necho \"SUCCESS\" > \"${SCRIPT_OUTPUT_FILE_0}\"\n";
			showEnvVarsInLog = 0;
		};
		E68E39C6D961C6A214F1157F /* [CP] Embed Pods Frameworks */ = {
			isa = PBXShellScriptBuildPhase;
			buildActionMask = 2147483647;
			files = (
			);
			inputPaths = (
				"${SRCROOT}/Pods/Target Support Files/Pods-RED NOTE/Pods-RED NOTE-frameworks.sh",
				"${BUILT_PRODUCTS_DIR}/Realm/Realm.framework",
				"${BUILT_PRODUCTS_DIR}/RealmSwift/RealmSwift.framework",
			);
			name = "[CP] Embed Pods Frameworks";
			outputPaths = (
				"${TARGET_BUILD_DIR}/${FRAMEWORKS_FOLDER_PATH}/Realm.framework",
				"${TARGET_BUILD_DIR}/${FRAMEWORKS_FOLDER_PATH}/RealmSwift.framework",
			);
			runOnlyForDeploymentPostprocessing = 0;
			shellPath = /bin/sh;
			shellScript = "\"${SRCROOT}/Pods/Target Support Files/Pods-RED NOTE/Pods-RED NOTE-frameworks.sh\"\n";
			showEnvVarsInLog = 0;
		};
/* End PBXShellScriptBuildPhase section */

/* Begin PBXSourcesBuildPhase section */
		10A64B112192026E003228E5 /* Sources */ = {
			isa = PBXSourcesBuildPhase;
			buildActionMask = 2147483647;
			files = (
				F5D6F064219DFFE200F0F6CC /* NoteRealm.swift in Sources */,
				F575F60221AACC8300131656 /* RealmDataSource.swift in Sources */,
				10A64B1B2192026E003228E5 /* MainViewController.swift in Sources */,
				10A64B4C219208F5003228E5 /* OpenNoteViewController.swift in Sources */,
				10A64B4A21920508003228E5 /* NewNoteViewController.swift in Sources */,
				10A64B192192026E003228E5 /* AppDelegate.swift in Sources */,
				10A64B4E21921BC8003228E5 /* ImageViewController.swift in Sources */,
				10A64B212192026E003228E5 /* RED_NOTE.xcdatamodeld in Sources */,
				F5D6F066219E06D900F0F6CC /* RealmDataManager.swift in Sources */,
				F5DE1CE221B41E93003C8940 /* UICell.swift in Sources */,
			);
			runOnlyForDeploymentPostprocessing = 0;
		};
		10A64B2821920270003228E5 /* Sources */ = {
			isa = PBXSourcesBuildPhase;
			buildActionMask = 2147483647;
			files = (
				10A64B3121920270003228E5 /* RED_NOTETests.swift in Sources */,
			);
			runOnlyForDeploymentPostprocessing = 0;
		};
		10A64B3321920270003228E5 /* Sources */ = {
			isa = PBXSourcesBuildPhase;
			buildActionMask = 2147483647;
			files = (
				10A64B3C21920270003228E5 /* RED_NOTEUITests.swift in Sources */,
			);
			runOnlyForDeploymentPostprocessing = 0;
		};
/* End PBXSourcesBuildPhase section */

/* Begin PBXTargetDependency section */
		10A64B2E21920270003228E5 /* PBXTargetDependency */ = {
			isa = PBXTargetDependency;
			target = 10A64B142192026E003228E5 /* RED NOTE */;
			targetProxy = 10A64B2D21920270003228E5 /* PBXContainerItemProxy */;
		};
		10A64B3921920270003228E5 /* PBXTargetDependency */ = {
			isa = PBXTargetDependency;
			target = 10A64B142192026E003228E5 /* RED NOTE */;
			targetProxy = 10A64B3821920270003228E5 /* PBXContainerItemProxy */;
		};
/* End PBXTargetDependency section */

/* Begin PBXVariantGroup section */
		10A64B1C2192026E003228E5 /* Main.storyboard */ = {
			isa = PBXVariantGroup;
			children = (
				10A64B1D2192026E003228E5 /* Base */,
			);
			name = Main.storyboard;
			sourceTree = "<group>";
		};
		10A64B2421920270003228E5 /* LaunchScreen.storyboard */ = {
			isa = PBXVariantGroup;
			children = (
				10A64B2521920270003228E5 /* Base */,
			);
			name = LaunchScreen.storyboard;
			sourceTree = "<group>";
		};
/* End PBXVariantGroup section */

/* Begin XCBuildConfiguration section */
		10A64B3E21920270003228E5 /* Debug */ = {
			isa = XCBuildConfiguration;
			buildSettings = {
				ALWAYS_SEARCH_USER_PATHS = NO;
				CLANG_ANALYZER_NONNULL = YES;
				CLANG_ANALYZER_NUMBER_OBJECT_CONVERSION = YES_AGGRESSIVE;
				CLANG_CXX_LANGUAGE_STANDARD = "gnu++14";
				CLANG_CXX_LIBRARY = "libc++";
				CLANG_ENABLE_MODULES = YES;
				CLANG_ENABLE_OBJC_ARC = YES;
				CLANG_ENABLE_OBJC_WEAK = YES;
				CLANG_WARN_BLOCK_CAPTURE_AUTORELEASING = YES;
				CLANG_WARN_BOOL_CONVERSION = YES;
				CLANG_WARN_COMMA = YES;
				CLANG_WARN_CONSTANT_CONVERSION = YES;
				CLANG_WARN_DEPRECATED_OBJC_IMPLEMENTATIONS = YES;
				CLANG_WARN_DIRECT_OBJC_ISA_USAGE = YES_ERROR;
				CLANG_WARN_DOCUMENTATION_COMMENTS = YES;
				CLANG_WARN_EMPTY_BODY = YES;
				CLANG_WARN_ENUM_CONVERSION = YES;
				CLANG_WARN_INFINITE_RECURSION = YES;
				CLANG_WARN_INT_CONVERSION = YES;
				CLANG_WARN_NON_LITERAL_NULL_CONVERSION = YES;
				CLANG_WARN_OBJC_IMPLICIT_RETAIN_SELF = YES;
				CLANG_WARN_OBJC_LITERAL_CONVERSION = YES;
				CLANG_WARN_OBJC_ROOT_CLASS = YES_ERROR;
				CLANG_WARN_RANGE_LOOP_ANALYSIS = YES;
				CLANG_WARN_STRICT_PROTOTYPES = YES;
				CLANG_WARN_SUSPICIOUS_MOVE = YES;
				CLANG_WARN_UNGUARDED_AVAILABILITY = YES_AGGRESSIVE;
				CLANG_WARN_UNREACHABLE_CODE = YES;
				CLANG_WARN__DUPLICATE_METHOD_MATCH = YES;
				CODE_SIGN_IDENTITY = "iPhone Developer";
				COPY_PHASE_STRIP = NO;
				DEBUG_INFORMATION_FORMAT = dwarf;
				ENABLE_STRICT_OBJC_MSGSEND = YES;
				ENABLE_TESTABILITY = YES;
				GCC_C_LANGUAGE_STANDARD = gnu11;
				GCC_DYNAMIC_NO_PIC = NO;
				GCC_NO_COMMON_BLOCKS = YES;
				GCC_OPTIMIZATION_LEVEL = 0;
				GCC_PREPROCESSOR_DEFINITIONS = (
					"DEBUG=1",
					"$(inherited)",
				);
				GCC_WARN_64_TO_32_BIT_CONVERSION = YES;
				GCC_WARN_ABOUT_RETURN_TYPE = YES_ERROR;
				GCC_WARN_UNDECLARED_SELECTOR = YES;
				GCC_WARN_UNINITIALIZED_AUTOS = YES_AGGRESSIVE;
				GCC_WARN_UNUSED_FUNCTION = YES;
				GCC_WARN_UNUSED_VARIABLE = YES;
				IPHONEOS_DEPLOYMENT_TARGET = 12.1;
				MTL_ENABLE_DEBUG_INFO = INCLUDE_SOURCE;
				MTL_FAST_MATH = YES;
				ONLY_ACTIVE_ARCH = YES;
				SDKROOT = iphoneos;
				SWIFT_ACTIVE_COMPILATION_CONDITIONS = DEBUG;
				SWIFT_OPTIMIZATION_LEVEL = "-Onone";
			};
			name = Debug;
		};
		10A64B3F21920270003228E5 /* Release */ = {
			isa = XCBuildConfiguration;
			buildSettings = {
				ALWAYS_SEARCH_USER_PATHS = NO;
				CLANG_ANALYZER_NONNULL = YES;
				CLANG_ANALYZER_NUMBER_OBJECT_CONVERSION = YES_AGGRESSIVE;
				CLANG_CXX_LANGUAGE_STANDARD = "gnu++14";
				CLANG_CXX_LIBRARY = "libc++";
				CLANG_ENABLE_MODULES = YES;
				CLANG_ENABLE_OBJC_ARC = YES;
				CLANG_ENABLE_OBJC_WEAK = YES;
				CLANG_WARN_BLOCK_CAPTURE_AUTORELEASING = YES;
				CLANG_WARN_BOOL_CONVERSION = YES;
				CLANG_WARN_COMMA = YES;
				CLANG_WARN_CONSTANT_CONVERSION = YES;
				CLANG_WARN_DEPRECATED_OBJC_IMPLEMENTATIONS = YES;
				CLANG_WARN_DIRECT_OBJC_ISA_USAGE = YES_ERROR;
				CLANG_WARN_DOCUMENTATION_COMMENTS = YES;
				CLANG_WARN_EMPTY_BODY = YES;
				CLANG_WARN_ENUM_CONVERSION = YES;
				CLANG_WARN_INFINITE_RECURSION = YES;
				CLANG_WARN_INT_CONVERSION = YES;
				CLANG_WARN_NON_LITERAL_NULL_CONVERSION = YES;
				CLANG_WARN_OBJC_IMPLICIT_RETAIN_SELF = YES;
				CLANG_WARN_OBJC_LITERAL_CONVERSION = YES;
				CLANG_WARN_OBJC_ROOT_CLASS = YES_ERROR;
				CLANG_WARN_RANGE_LOOP_ANALYSIS = YES;
				CLANG_WARN_STRICT_PROTOTYPES = YES;
				CLANG_WARN_SUSPICIOUS_MOVE = YES;
				CLANG_WARN_UNGUARDED_AVAILABILITY = YES_AGGRESSIVE;
				CLANG_WARN_UNREACHABLE_CODE = YES;
				CLANG_WARN__DUPLICATE_METHOD_MATCH = YES;
				CODE_SIGN_IDENTITY = "iPhone Developer";
				COPY_PHASE_STRIP = NO;
				DEBUG_INFORMATION_FORMAT = "dwarf-with-dsym";
				ENABLE_NS_ASSERTIONS = NO;
				ENABLE_STRICT_OBJC_MSGSEND = YES;
				GCC_C_LANGUAGE_STANDARD = gnu11;
				GCC_NO_COMMON_BLOCKS = YES;
				GCC_WARN_64_TO_32_BIT_CONVERSION = YES;
				GCC_WARN_ABOUT_RETURN_TYPE = YES_ERROR;
				GCC_WARN_UNDECLARED_SELECTOR = YES;
				GCC_WARN_UNINITIALIZED_AUTOS = YES_AGGRESSIVE;
				GCC_WARN_UNUSED_FUNCTION = YES;
				GCC_WARN_UNUSED_VARIABLE = YES;
				IPHONEOS_DEPLOYMENT_TARGET = 12.1;
				MTL_ENABLE_DEBUG_INFO = NO;
				MTL_FAST_MATH = YES;
				SDKROOT = iphoneos;
				SWIFT_COMPILATION_MODE = wholemodule;
				SWIFT_OPTIMIZATION_LEVEL = "-O";
				VALIDATE_PRODUCT = YES;
			};
			name = Release;
		};
		10A64B4121920270003228E5 /* Debug */ = {
			isa = XCBuildConfiguration;
			baseConfigurationReference = 8AA5DAEB57288B0B30DB8A1D /* Pods-RED NOTE.debug.xcconfig */;
			buildSettings = {
				ASSETCATALOG_COMPILER_APPICON_NAME = AppIcon;
				CODE_SIGN_STYLE = Automatic;
				DEVELOPMENT_TEAM = LY33L6VDSG;
				INFOPLIST_FILE = "RED NOTE/Info.plist";
				LD_RUNPATH_SEARCH_PATHS = (
					"$(inherited)",
					"@executable_path/Frameworks",
				);
				PRODUCT_BUNDLE_IDENTIFIER = "com.jorekhova.RED-NOTE";
				PRODUCT_NAME = "$(TARGET_NAME)";
				SWIFT_VERSION = 4.2;
				TARGETED_DEVICE_FAMILY = "1,2";
			};
			name = Debug;
		};
		10A64B4221920270003228E5 /* Release */ = {
			isa = XCBuildConfiguration;
			baseConfigurationReference = 2E13BE5E51A166503AB36CE3 /* Pods-RED NOTE.release.xcconfig */;
			buildSettings = {
				ASSETCATALOG_COMPILER_APPICON_NAME = AppIcon;
				CODE_SIGN_STYLE = Automatic;
				DEVELOPMENT_TEAM = LY33L6VDSG;
				INFOPLIST_FILE = "RED NOTE/Info.plist";
				LD_RUNPATH_SEARCH_PATHS = (
					"$(inherited)",
					"@executable_path/Frameworks",
				);
				PRODUCT_BUNDLE_IDENTIFIER = "com.jorekhova.RED-NOTE";
				PRODUCT_NAME = "$(TARGET_NAME)";
				SWIFT_VERSION = 4.2;
				TARGETED_DEVICE_FAMILY = "1,2";
			};
			name = Release;
		};
		10A64B4421920270003228E5 /* Debug */ = {
			isa = XCBuildConfiguration;
			buildSettings = {
				ALWAYS_EMBED_SWIFT_STANDARD_LIBRARIES = YES;
				BUNDLE_LOADER = "$(TEST_HOST)";
				CODE_SIGN_STYLE = Automatic;
				DEVELOPMENT_TEAM = LY33L6VDSG;
				INFOPLIST_FILE = "RED NOTETests/Info.plist";
				LD_RUNPATH_SEARCH_PATHS = (
					"$(inherited)",
					"@executable_path/Frameworks",
					"@loader_path/Frameworks",
				);
				PRODUCT_BUNDLE_IDENTIFIER = "com.jorekhova.RED-NOTETests";
				PRODUCT_NAME = "$(TARGET_NAME)";
				SWIFT_VERSION = 4.2;
				TARGETED_DEVICE_FAMILY = "1,2";
				TEST_HOST = "$(BUILT_PRODUCTS_DIR)/RED NOTE.app/RED NOTE";
			};
			name = Debug;
		};
		10A64B4521920270003228E5 /* Release */ = {
			isa = XCBuildConfiguration;
			buildSettings = {
				ALWAYS_EMBED_SWIFT_STANDARD_LIBRARIES = YES;
				BUNDLE_LOADER = "$(TEST_HOST)";
				CODE_SIGN_STYLE = Automatic;
				DEVELOPMENT_TEAM = LY33L6VDSG;
				INFOPLIST_FILE = "RED NOTETests/Info.plist";
				LD_RUNPATH_SEARCH_PATHS = (
					"$(inherited)",
					"@executable_path/Frameworks",
					"@loader_path/Frameworks",
				);
				PRODUCT_BUNDLE_IDENTIFIER = "com.jorekhova.RED-NOTETests";
				PRODUCT_NAME = "$(TARGET_NAME)";
				SWIFT_VERSION = 4.2;
				TARGETED_DEVICE_FAMILY = "1,2";
				TEST_HOST = "$(BUILT_PRODUCTS_DIR)/RED NOTE.app/RED NOTE";
			};
			name = Release;
		};
		10A64B4721920270003228E5 /* Debug */ = {
			isa = XCBuildConfiguration;
			buildSettings = {
				ALWAYS_EMBED_SWIFT_STANDARD_LIBRARIES = YES;
				CODE_SIGN_STYLE = Automatic;
				DEVELOPMENT_TEAM = LY33L6VDSG;
				INFOPLIST_FILE = "RED NOTEUITests/Info.plist";
				LD_RUNPATH_SEARCH_PATHS = (
					"$(inherited)",
					"@executable_path/Frameworks",
					"@loader_path/Frameworks",
				);
				PRODUCT_BUNDLE_IDENTIFIER = "com.jorekhova.RED-NOTEUITests";
				PRODUCT_NAME = "$(TARGET_NAME)";
				SWIFT_VERSION = 4.2;
				TARGETED_DEVICE_FAMILY = "1,2";
				TEST_TARGET_NAME = "RED NOTE";
			};
			name = Debug;
		};
		10A64B4821920270003228E5 /* Release */ = {
			isa = XCBuildConfiguration;
			buildSettings = {
				ALWAYS_EMBED_SWIFT_STANDARD_LIBRARIES = YES;
				CODE_SIGN_STYLE = Automatic;
				DEVELOPMENT_TEAM = LY33L6VDSG;
				INFOPLIST_FILE = "RED NOTEUITests/Info.plist";
				LD_RUNPATH_SEARCH_PATHS = (
					"$(inherited)",
					"@executable_path/Frameworks",
					"@loader_path/Frameworks",
				);
				PRODUCT_BUNDLE_IDENTIFIER = "com.jorekhova.RED-NOTEUITests";
				PRODUCT_NAME = "$(TARGET_NAME)";
				SWIFT_VERSION = 4.2;
				TARGETED_DEVICE_FAMILY = "1,2";
				TEST_TARGET_NAME = "RED NOTE";
			};
			name = Release;
		};
/* End XCBuildConfiguration section */

/* Begin XCConfigurationList section */
		10A64B102192026E003228E5 /* Build configuration list for PBXProject "RED NOTE" */ = {
			isa = XCConfigurationList;
			buildConfigurations = (
				10A64B3E21920270003228E5 /* Debug */,
				10A64B3F21920270003228E5 /* Release */,
			);
			defaultConfigurationIsVisible = 0;
			defaultConfigurationName = Release;
		};
		10A64B4021920270003228E5 /* Build configuration list for PBXNativeTarget "RED NOTE" */ = {
			isa = XCConfigurationList;
			buildConfigurations = (
				10A64B4121920270003228E5 /* Debug */,
				10A64B4221920270003228E5 /* Release */,
			);
			defaultConfigurationIsVisible = 0;
			defaultConfigurationName = Release;
		};
		10A64B4321920270003228E5 /* Build configuration list for PBXNativeTarget "RED NOTETests" */ = {
			isa = XCConfigurationList;
			buildConfigurations = (
				10A64B4421920270003228E5 /* Debug */,
				10A64B4521920270003228E5 /* Release */,
			);
			defaultConfigurationIsVisible = 0;
			defaultConfigurationName = Release;
		};
		10A64B4621920270003228E5 /* Build configuration list for PBXNativeTarget "RED NOTEUITests" */ = {
			isa = XCConfigurationList;
			buildConfigurations = (
				10A64B4721920270003228E5 /* Debug */,
				10A64B4821920270003228E5 /* Release */,
			);
			defaultConfigurationIsVisible = 0;
			defaultConfigurationName = Release;
		};
/* End XCConfigurationList section */

/* Begin XCVersionGroup section */
		10A64B1F2192026E003228E5 /* RED_NOTE.xcdatamodeld */ = {
			isa = XCVersionGroup;
			children = (
				10A64B202192026E003228E5 /* RED_NOTE.xcdatamodel */,
			);
			currentVersion = 10A64B202192026E003228E5 /* RED_NOTE.xcdatamodel */;
			path = RED_NOTE.xcdatamodeld;
			sourceTree = "<group>";
			versionGroupType = wrapper.xcdatamodel;
		};
/* End XCVersionGroup section */
	};
	rootObject = 10A64B0D2192026E003228E5 /* Project object */;
}
